// !$*UTF8*$!
{
	archiveVersion = 1;
	classes = {
	};
	objectVersion = 55;
	objects = {

/* Begin PBXBuildFile section */
		79A050FA276601FE00B8E03A /* FinalProjectApp.swift in Sources */ = {isa = PBXBuildFile; fileRef = 79A050F9276601FE00B8E03A /* FinalProjectApp.swift */; };
		79A050FC276601FE00B8E03A /* ContentView.swift in Sources */ = {isa = PBXBuildFile; fileRef = 79A050FB276601FE00B8E03A /* ContentView.swift */; };
		79A050FE2766020200B8E03A /* Assets.xcassets in Resources */ = {isa = PBXBuildFile; fileRef = 79A050FD2766020200B8E03A /* Assets.xcassets */; };
		79A051012766020200B8E03A /* Preview Assets.xcassets in Resources */ = {isa = PBXBuildFile; fileRef = 79A051002766020200B8E03A /* Preview Assets.xcassets */; };
		79A0510A276603D800B8E03A /* UnsplashApi.swift in Sources */ = {isa = PBXBuildFile; fileRef = 79A05109276603D800B8E03A /* UnsplashApi.swift */; };
		79A0510C276603E800B8E03A /* UnsplashClient.swift in Sources */ = {isa = PBXBuildFile; fileRef = 79A0510B276603E800B8E03A /* UnsplashClient.swift */; };
		79A0510F276603FA00B8E03A /* User.swift in Sources */ = {isa = PBXBuildFile; fileRef = 79A0510E276603FA00B8E03A /* User.swift */; };
		79A051112766040500B8E03A /* Photo.swift in Sources */ = {isa = PBXBuildFile; fileRef = 79A051102766040500B8E03A /* Photo.swift */; };
		79A051142766062B00B8E03A /* Alamofire in Frameworks */ = {isa = PBXBuildFile; productRef = 79A051132766062B00B8E03A /* Alamofire */; };
		79A051172766066700B8E03A /* Config.plist in Resources */ = {isa = PBXBuildFile; fileRef = 79A051162766066700B8E03A /* Config.plist */; };
		79A051192766076B00B8E03A /* Config.swift in Sources */ = {isa = PBXBuildFile; fileRef = 79A051182766076B00B8E03A /* Config.swift */; };
		79A0511C27660DD900B8E03A /* PhotoDto.swift in Sources */ = {isa = PBXBuildFile; fileRef = 79A0511B27660DD900B8E03A /* PhotoDto.swift */; };
		79A0511E27660E8F00B8E03A /* UserDto.swift in Sources */ = {isa = PBXBuildFile; fileRef = 79A0511D27660E8F00B8E03A /* UserDto.swift */; };
		79A051202766116200B8E03A /* ViewModel.swift in Sources */ = {isa = PBXBuildFile; fileRef = 79A0511F2766116200B8E03A /* ViewModel.swift */; };
/* End PBXBuildFile section */

/* Begin PBXFileReference section */
		79A050F6276601FE00B8E03A /* FinalProject.app */ = {isa = PBXFileReference; explicitFileType = wrapper.application; includeInIndex = 0; path = FinalProject.app; sourceTree = BUILT_PRODUCTS_DIR; };
		79A050F9276601FE00B8E03A /* FinalProjectApp.swift */ = {isa = PBXFileReference; lastKnownFileType = sourcecode.swift; path = FinalProjectApp.swift; sourceTree = "<group>"; };
		79A050FB276601FE00B8E03A /* ContentView.swift */ = {isa = PBXFileReference; lastKnownFileType = sourcecode.swift; path = ContentView.swift; sourceTree = "<group>"; };
		79A050FD2766020200B8E03A /* Assets.xcassets */ = {isa = PBXFileReference; lastKnownFileType = folder.assetcatalog; path = Assets.xcassets; sourceTree = "<group>"; };
		79A051002766020200B8E03A /* Preview Assets.xcassets */ = {isa = PBXFileReference; lastKnownFileType = folder.assetcatalog; path = "Preview Assets.xcassets"; sourceTree = "<group>"; };
		79A05109276603D800B8E03A /* UnsplashApi.swift */ = {isa = PBXFileReference; lastKnownFileType = sourcecode.swift; path = UnsplashApi.swift; sourceTree = "<group>"; };
		79A0510B276603E800B8E03A /* UnsplashClient.swift */ = {isa = PBXFileReference; lastKnownFileType = sourcecode.swift; path = UnsplashClient.swift; sourceTree = "<group>"; };
		79A0510E276603FA00B8E03A /* User.swift */ = {isa = PBXFileReference; lastKnownFileType = sourcecode.swift; path = User.swift; sourceTree = "<group>"; };
		79A051102766040500B8E03A /* Photo.swift */ = {isa = PBXFileReference; lastKnownFileType = sourcecode.swift; path = Photo.swift; sourceTree = "<group>"; };
		79A051162766066700B8E03A /* Config.plist */ = {isa = PBXFileReference; lastKnownFileType = text.plist.xml; path = Config.plist; sourceTree = "<group>"; };
		79A051182766076B00B8E03A /* Config.swift */ = {isa = PBXFileReference; lastKnownFileType = sourcecode.swift; path = Config.swift; sourceTree = "<group>"; };
		79A0511B27660DD900B8E03A /* PhotoDto.swift */ = {isa = PBXFileReference; lastKnownFileType = sourcecode.swift; path = PhotoDto.swift; sourceTree = "<group>"; };
		79A0511D27660E8F00B8E03A /* UserDto.swift */ = {isa = PBXFileReference; lastKnownFileType = sourcecode.swift; path = UserDto.swift; sourceTree = "<group>"; };
		79A0511F2766116200B8E03A /* ViewModel.swift */ = {isa = PBXFileReference; lastKnownFileType = sourcecode.swift; path = ViewModel.swift; sourceTree = "<group>"; };
/* End PBXFileReference section */

/* Begin PBXFrameworksBuildPhase section */
		79A050F3276601FE00B8E03A /* Frameworks */ = {
			isa = PBXFrameworksBuildPhase;
			buildActionMask = 2147483647;
			files = (
				79A051142766062B00B8E03A /* Alamofire in Frameworks */,
			);
			runOnlyForDeploymentPostprocessing = 0;
		};
/* End PBXFrameworksBuildPhase section */

/* Begin PBXGroup section */
		79A050ED276601FE00B8E03A = {
			isa = PBXGroup;
			children = (
				79A050F8276601FE00B8E03A /* FinalProject */,
				79A050F7276601FE00B8E03A /* Products */,
			);
			sourceTree = "<group>";
		};
		79A050F7276601FE00B8E03A /* Products */ = {
			isa = PBXGroup;
			children = (
				79A050F6276601FE00B8E03A /* FinalProject.app */,
			);
			name = Products;
			sourceTree = "<group>";
		};
		79A050F8276601FE00B8E03A /* FinalProject */ = {
			isa = PBXGroup;
			children = (
				79A051152766065200B8E03A /* Config */,
				79A0510D276603EE00B8E03A /* Model */,
				79A05108276603A300B8E03A /* View */,
				79A051072766039B00B8E03A /* Network */,
				79A050F9276601FE00B8E03A /* FinalProjectApp.swift */,
				79A050FD2766020200B8E03A /* Assets.xcassets */,
				79A050FF2766020200B8E03A /* Preview Content */,
			);
			path = FinalProject;
			sourceTree = "<group>";
		};
		79A050FF2766020200B8E03A /* Preview Content */ = {
			isa = PBXGroup;
			children = (
				79A051002766020200B8E03A /* Preview Assets.xcassets */,
			);
			path = "Preview Content";
			sourceTree = "<group>";
		};
		79A051072766039B00B8E03A /* Network */ = {
			isa = PBXGroup;
			children = (
				79A0511A27660DCC00B8E03A /* Dto */,
				79A05109276603D800B8E03A /* UnsplashApi.swift */,
				79A0510B276603E800B8E03A /* UnsplashClient.swift */,
			);
			path = Network;
			sourceTree = "<group>";
		};
		79A05108276603A300B8E03A /* View */ = {
			isa = PBXGroup;
			children = (
				79A050FB276601FE00B8E03A /* ContentView.swift */,
				79A0511F2766116200B8E03A /* ViewModel.swift */,
			);
			path = View;
			sourceTree = "<group>";
		};
		79A0510D276603EE00B8E03A /* Model */ = {
			isa = PBXGroup;
			children = (
				79A0510E276603FA00B8E03A /* User.swift */,
				79A051102766040500B8E03A /* Photo.swift */,
			);
			path = Model;
			sourceTree = "<group>";
		};
		79A051152766065200B8E03A /* Config */ = {
			isa = PBXGroup;
			children = (
				79A051162766066700B8E03A /* Config.plist */,
				79A051182766076B00B8E03A /* Config.swift */,
			);
			path = Config;
			sourceTree = "<group>";
		};
		79A0511A27660DCC00B8E03A /* Dto */ = {
			isa = PBXGroup;
			children = (
				79A0511B27660DD900B8E03A /* PhotoDto.swift */,
				79A0511D27660E8F00B8E03A /* UserDto.swift */,
			);
			path = Dto;
			sourceTree = "<group>";
		};
/* End PBXGroup section */

/* Begin PBXNativeTarget section */
		79A050F5276601FE00B8E03A /* FinalProject */ = {
			isa = PBXNativeTarget;
			buildConfigurationList = 79A051042766020200B8E03A /* Build configuration list for PBXNativeTarget "FinalProject" */;
			buildPhases = (
				79A050F2276601FE00B8E03A /* Sources */,
				79A050F3276601FE00B8E03A /* Frameworks */,
				79A050F4276601FE00B8E03A /* Resources */,
			);
			buildRules = (
			);
			dependencies = (
			);
			name = FinalProject;
			packageProductDependencies = (
				79A051132766062B00B8E03A /* Alamofire */,
			);
			productName = FinalProject;
			productReference = 79A050F6276601FE00B8E03A /* FinalProject.app */;
			productType = "com.apple.product-type.application";
		};
/* End PBXNativeTarget section */

/* Begin PBXProject section */
		79A050EE276601FE00B8E03A /* Project object */ = {
			isa = PBXProject;
			attributes = {
				BuildIndependentTargetsInParallel = 1;
				LastSwiftUpdateCheck = 1310;
				LastUpgradeCheck = 1310;
				TargetAttributes = {
					79A050F5276601FE00B8E03A = {
						CreatedOnToolsVersion = 13.1;
					};
				};
			};
			buildConfigurationList = 79A050F1276601FE00B8E03A /* Build configuration list for PBXProject "FinalProject" */;
			compatibilityVersion = "Xcode 13.0";
			developmentRegion = en;
			hasScannedForEncodings = 0;
			knownRegions = (
				en,
				Base,
			);
			mainGroup = 79A050ED276601FE00B8E03A;
			packageReferences = (
				79A051122766062B00B8E03A /* XCRemoteSwiftPackageReference "Alamofire" */,
			);
			productRefGroup = 79A050F7276601FE00B8E03A /* Products */;
			projectDirPath = "";
			projectRoot = "";
			targets = (
				79A050F5276601FE00B8E03A /* FinalProject */,
			);
		};
/* End PBXProject section */

/* Begin PBXResourcesBuildPhase section */
		79A050F4276601FE00B8E03A /* Resources */ = {
			isa = PBXResourcesBuildPhase;
			buildActionMask = 2147483647;
			files = (
				79A051012766020200B8E03A /* Preview Assets.xcassets in Resources */,
				79A051172766066700B8E03A /* Config.plist in Resources */,
				79A050FE2766020200B8E03A /* Assets.xcassets in Resources */,
			);
			runOnlyForDeploymentPostprocessing = 0;
		};
/* End PBXResourcesBuildPhase section */

/* Begin PBXSourcesBuildPhase section */
		79A050F2276601FE00B8E03A /* Sources */ = {
			isa = PBXSourcesBuildPhase;
			buildActionMask = 2147483647;
			files = (
				79A051202766116200B8E03A /* ViewModel.swift in Sources */,
				79A051112766040500B8E03A /* Photo.swift in Sources */,
				79A0510C276603E800B8E03A /* UnsplashClient.swift in Sources */,
				79A0511E27660E8F00B8E03A /* UserDto.swift in Sources */,
				79A0511C27660DD900B8E03A /* PhotoDto.swift in Sources */,
				79A0510A276603D800B8E03A /* UnsplashApi.swift in Sources */,
				79A051192766076B00B8E03A /* Config.swift in Sources */,
				79A050FC276601FE00B8E03A /* ContentView.swift in Sources */,
				79A0510F276603FA00B8E03A /* User.swift in Sources */,
				79A050FA276601FE00B8E03A /* FinalProjectApp.swift in Sources */,
			);
			runOnlyForDeploymentPostprocessing = 0;
		};
/* End PBXSourcesBuildPhase section */

/* Begin XCBuildConfiguration section */
		79A051022766020200B8E03A /* Debug */ = {
			isa = XCBuildConfiguration;
			buildSettings = {
				ALWAYS_SEARCH_USER_PATHS = NO;
				CLANG_ANALYZER_NONNULL = YES;
				CLANG_ANALYZER_NUMBER_OBJECT_CONVERSION = YES_AGGRESSIVE;
				CLANG_CXX_LANGUAGE_STANDARD = "gnu++17";
				CLANG_CXX_LIBRARY = "libc++";
				CLANG_ENABLE_MODULES = YES;
				CLANG_ENABLE_OBJC_ARC = YES;
				CLANG_ENABLE_OBJC_WEAK = YES;
				CLANG_WARN_BLOCK_CAPTURE_AUTORELEASING = YES;
				CLANG_WARN_BOOL_CONVERSION = YES;
				CLANG_WARN_COMMA = YES;
				CLANG_WARN_CONSTANT_CONVERSION = YES;
				CLANG_WARN_DEPRECATED_OBJC_IMPLEMENTATIONS = YES;
				CLANG_WARN_DIRECT_OBJC_ISA_USAGE = YES_ERROR;
				CLANG_WARN_DOCUMENTATION_COMMENTS = YES;
				CLANG_WARN_EMPTY_BODY = YES;
				CLANG_WARN_ENUM_CONVERSION = YES;
				CLANG_WARN_INFINITE_RECURSION = YES;
				CLANG_WARN_INT_CONVERSION = YES;
				CLANG_WARN_NON_LITERAL_NULL_CONVERSION = YES;
				CLANG_WARN_OBJC_IMPLICIT_RETAIN_SELF = YES;
				CLANG_WARN_OBJC_LITERAL_CONVERSION = YES;
				CLANG_WARN_OBJC_ROOT_CLASS = YES_ERROR;
				CLANG_WARN_QUOTED_INCLUDE_IN_FRAMEWORK_HEADER = YES;
				CLANG_WARN_RANGE_LOOP_ANALYSIS = YES;
				CLANG_WARN_STRICT_PROTOTYPES = YES;
				CLANG_WARN_SUSPICIOUS_MOVE = YES;
				CLANG_WARN_UNGUARDED_AVAILABILITY = YES_AGGRESSIVE;
				CLANG_WARN_UNREACHABLE_CODE = YES;
				CLANG_WARN__DUPLICATE_METHOD_MATCH = YES;
				COPY_PHASE_STRIP = NO;
				DEBUG_INFORMATION_FORMAT = dwarf;
				ENABLE_STRICT_OBJC_MSGSEND = YES;
				ENABLE_TESTABILITY = YES;
				GCC_C_LANGUAGE_STANDARD = gnu11;
				GCC_DYNAMIC_NO_PIC = NO;
				GCC_NO_COMMON_BLOCKS = YES;
				GCC_OPTIMIZATION_LEVEL = 0;
				GCC_PREPROCESSOR_DEFINITIONS = (
					"DEBUG=1",
					"$(inherited)",
				);
				GCC_WARN_64_TO_32_BIT_CONVERSION = YES;
				GCC_WARN_ABOUT_RETURN_TYPE = YES_ERROR;
				GCC_WARN_UNDECLARED_SELECTOR = YES;
				GCC_WARN_UNINITIALIZED_AUTOS = YES_AGGRESSIVE;
				GCC_WARN_UNUSED_FUNCTION = YES;
				GCC_WARN_UNUSED_VARIABLE = YES;
				IPHONEOS_DEPLOYMENT_TARGET = 15.0;
				MTL_ENABLE_DEBUG_INFO = INCLUDE_SOURCE;
				MTL_FAST_MATH = YES;
				ONLY_ACTIVE_ARCH = YES;
				SDKROOT = iphoneos;
				SWIFT_ACTIVE_COMPILATION_CONDITIONS = DEBUG;
				SWIFT_OPTIMIZATION_LEVEL = "-Onone";
			};
			name = Debug;
		};
		79A051032766020200B8E03A /* Release */ = {
			isa = XCBuildConfiguration;
			buildSettings = {
				ALWAYS_SEARCH_USER_PATHS = NO;
				CLANG_ANALYZER_NONNULL = YES;
				CLANG_ANALYZER_NUMBER_OBJECT_CONVERSION = YES_AGGRESSIVE;
				CLANG_CXX_LANGUAGE_STANDARD = "gnu++17";
				CLANG_CXX_LIBRARY = "libc++";
				CLANG_ENABLE_MODULES = YES;
				CLANG_ENABLE_OBJC_ARC = YES;
				CLANG_ENABLE_OBJC_WEAK = YES;
				CLANG_WARN_BLOCK_CAPTURE_AUTORELEASING = YES;
				CLANG_WARN_BOOL_CONVERSION = YES;
				CLANG_WARN_COMMA = YES;
				CLANG_WARN_CONSTANT_CONVERSION = YES;
				CLANG_WARN_DEPRECATED_OBJC_IMPLEMENTATIONS = YES;
				CLANG_WARN_DIRECT_OBJC_ISA_USAGE = YES_ERROR;
				CLANG_WARN_DOCUMENTATION_COMMENTS = YES;
				CLANG_WARN_EMPTY_BODY = YES;
				CLANG_WARN_ENUM_CONVERSION = YES;
				CLANG_WARN_INFINITE_RECURSION = YES;
				CLANG_WARN_INT_CONVERSION = YES;
				CLANG_WARN_NON_LITERAL_NULL_CONVERSION = YES;
				CLANG_WARN_OBJC_IMPLICIT_RETAIN_SELF = YES;
				CLANG_WARN_OBJC_LITERAL_CONVERSION = YES;
				CLANG_WARN_OBJC_ROOT_CLASS = YES_ERROR;
				CLANG_WARN_QUOTED_INCLUDE_IN_FRAMEWORK_HEADER = YES;
				CLANG_WARN_RANGE_LOOP_ANALYSIS = YES;
				CLANG_WARN_STRICT_PROTOTYPES = YES;
				CLANG_WARN_SUSPICIOUS_MOVE = YES;
				CLANG_WARN_UNGUARDED_AVAILABILITY = YES_AGGRESSIVE;
				CLANG_WARN_UNREACHABLE_CODE = YES;
				CLANG_WARN__DUPLICATE_METHOD_MATCH = YES;
				COPY_PHASE_STRIP = NO;
				DEBUG_INFORMATION_FORMAT = "dwarf-with-dsym";
				ENABLE_NS_ASSERTIONS = NO;
				ENABLE_STRICT_OBJC_MSGSEND = YES;
				GCC_C_LANGUAGE_STANDARD = gnu11;
				GCC_NO_COMMON_BLOCKS = YES;
				GCC_WARN_64_TO_32_BIT_CONVERSION = YES;
				GCC_WARN_ABOUT_RETURN_TYPE = YES_ERROR;
				GCC_WARN_UNDECLARED_SELECTOR = YES;
				GCC_WARN_UNINITIALIZED_AUTOS = YES_AGGRESSIVE;
				GCC_WARN_UNUSED_FUNCTION = YES;
				GCC_WARN_UNUSED_VARIABLE = YES;
				IPHONEOS_DEPLOYMENT_TARGET = 15.0;
				MTL_ENABLE_DEBUG_INFO = NO;
				MTL_FAST_MATH = YES;
				SDKROOT = iphoneos;
				SWIFT_COMPILATION_MODE = wholemodule;
				SWIFT_OPTIMIZATION_LEVEL = "-O";
				VALIDATE_PRODUCT = YES;
			};
			name = Release;
		};
		79A051052766020200B8E03A /* Debug */ = {
			isa = XCBuildConfiguration;
			buildSettings = {
				ASSETCATALOG_COMPILER_APPICON_NAME = AppIcon;
				ASSETCATALOG_COMPILER_GLOBAL_ACCENT_COLOR_NAME = AccentColor;
				CODE_SIGN_STYLE = Automatic;
				CURRENT_PROJECT_VERSION = 1;
				DEVELOPMENT_ASSET_PATHS = "\"FinalProject/Preview Content\"";
				ENABLE_PREVIEWS = YES;
				GENERATE_INFOPLIST_FILE = YES;
				INFOPLIST_KEY_UIApplicationSceneManifest_Generation = YES;
				INFOPLIST_KEY_UIApplicationSupportsIndirectInputEvents = YES;
				INFOPLIST_KEY_UILaunchScreen_Generation = YES;
				INFOPLIST_KEY_UISupportedInterfaceOrientations_iPad = "UIInterfaceOrientationPortrait UIInterfaceOrientationPortraitUpsideDown UIInterfaceOrientationLandscapeLeft UIInterfaceOrientationLandscapeRight";
				INFOPLIST_KEY_UISupportedInterfaceOrientations_iPhone = "UIInterfaceOrientationPortrait UIInterfaceOrientationLandscapeLeft UIInterfaceOrientationLandscapeRight";
				LD_RUNPATH_SEARCH_PATHS = (
					"$(inherited)",
					"@executable_path/Frameworks",
				);
				MARKETING_VERSION = 1.0;
				PRODUCT_BUNDLE_IDENTIFIER = com.team2.FinalProject;
				PRODUCT_NAME = "$(TARGET_NAME)";
				SWIFT_EMIT_LOC_STRINGS = YES;
				SWIFT_VERSION = 5.0;
				TARGETED_DEVICE_FAMILY = "1,2";
			};
			name = Debug;
		};
		79A051062766020200B8E03A /* Release */ = {
			isa = XCBuildConfiguration;
			buildSettings = {
				ASSETCATALOG_COMPILER_APPICON_NAME = AppIcon;
				ASSETCATALOG_COMPILER_GLOBAL_ACCENT_COLOR_NAME = AccentColor;
				CODE_SIGN_STYLE = Automatic;
				CURRENT_PROJECT_VERSION = 1;
				DEVELOPMENT_ASSET_PATHS = "\"FinalProject/Preview Content\"";
				ENABLE_PREVIEWS = YES;
				GENERATE_INFOPLIST_FILE = YES;
				INFOPLIST_KEY_UIApplicationSceneManifest_Generation = YES;
				INFOPLIST_KEY_UIApplicationSupportsIndirectInputEvents = YES;
				INFOPLIST_KEY_UILaunchScreen_Generation = YES;
				INFOPLIST_KEY_UISupportedInterfaceOrientations_iPad = "UIInterfaceOrientationPortrait UIInterfaceOrientationPortraitUpsideDown UIInterfaceOrientationLandscapeLeft UIInterfaceOrientationLandscapeRight";
				INFOPLIST_KEY_UISupportedInterfaceOrientations_iPhone = "UIInterfaceOrientationPortrait UIInterfaceOrientationLandscapeLeft UIInterfaceOrientationLandscapeRight";
				LD_RUNPATH_SEARCH_PATHS = (
					"$(inherited)",
					"@executable_path/Frameworks",
				);
				MARKETING_VERSION = 1.0;
				PRODUCT_BUNDLE_IDENTIFIER = com.team2.FinalProject;
				PRODUCT_NAME = "$(TARGET_NAME)";
				SWIFT_EMIT_LOC_STRINGS = YES;
				SWIFT_VERSION = 5.0;
				TARGETED_DEVICE_FAMILY = "1,2";
			};
			name = Release;
		};
/* End XCBuildConfiguration section */

/* Begin XCConfigurationList section */
		79A050F1276601FE00B8E03A /* Build configuration list for PBXProject "FinalProject" */ = {
			isa = XCConfigurationList;
			buildConfigurations = (
				79A051022766020200B8E03A /* Debug */,
				79A051032766020200B8E03A /* Release */,
			);
			defaultConfigurationIsVisible = 0;
			defaultConfigurationName = Release;
		};
		79A051042766020200B8E03A /* Build configuration list for PBXNativeTarget "FinalProject" */ = {
			isa = XCConfigurationList;
			buildConfigurations = (
				79A051052766020200B8E03A /* Debug */,
				79A051062766020200B8E03A /* Release */,
			);
			defaultConfigurationIsVisible = 0;
			defaultConfigurationName = Release;
		};
/* End XCConfigurationList section */

/* Begin XCRemoteSwiftPackageReference section */
		79A051122766062B00B8E03A /* XCRemoteSwiftPackageReference "Alamofire" */ = {
			isa = XCRemoteSwiftPackageReference;
			repositoryURL = "https://github.com/Alamofire/Alamofire.git";
			requirement = {
				kind = upToNextMajorVersion;
				minimumVersion = 5.0.0;
			};
		};
/* End XCRemoteSwiftPackageReference section */

/* Begin XCSwiftPackageProductDependency section */
		79A051132766062B00B8E03A /* Alamofire */ = {
			isa = XCSwiftPackageProductDependency;
			package = 79A051122766062B00B8E03A /* XCRemoteSwiftPackageReference "Alamofire" */;
			productName = Alamofire;
		};
/* End XCSwiftPackageProductDependency section */
	};
	rootObject = 79A050EE276601FE00B8E03A /* Project object */;
}
